<?xml version="1.0" encoding="utf-8"?>
<Project ToolsVersion="4.0" xmlns="http://schemas.microsoft.com/developer/msbuild/2003">
  <ItemGroup>
    <Filter Include="Source Files">
      <UniqueIdentifier>{C6AC2D9A-64F1-4B28-9E7E-6455B7BFCF20}</UniqueIdentifier>
      <Extensions>c;cc;cpp;cxx;def;odl;idl;hpj;bat;asm;asmx</Extensions>
    </Filter>
    <Filter Include="Header Files">
      <UniqueIdentifier>{5F7B86D1-3A5A-4C2E-9D12-6D2C2C1B1B77}</UniqueIdentifier>
      <Extensions>h;hh;hpp;hxx;inl;inc;xsd</Extensions>
    </Filter>
    <Filter Include="Other Files">
      <UniqueIdentifier>{B3F30A3B-2D26-4F6E-9E96-ACB7B4E7C3DE}</UniqueIdentifier>
      <Extensions>dasc;txt;md</Extensions>
    </Filter>
  </ItemGroup>
  <ItemGroup>
    <ClCompile Include="src\*.c">
      <Filter>Source Files</Filter>
    </ClCompile>
    <ClCompile Include="src\*.c">
      <Filter>Source Files</Filter>
    </ClCompile>
    <ClCompile Include="src\*.c">
      <Filter>Source Files</Filter>
    </ClCompile>
    <ClCompile Include="src\*.c">
      <Filter>Source Files</Filter>
    </ClCompile>
    <ClCompile Include="src\*.c">
      <Filter>Source Files</Filter>
    </ClCompile>
    <ClCompile Include="src\*.c">
      <Filter>Source Files</Filter>
    </ClCompile>
    <ClCompile Include="src\*.c">
      <Filter>Source Files</Filter>
    </ClCompile>
    <ClCompile Include="src\*.c">
      <Filter>Source Files</Filter>
    </ClCompile>
    <ClCompile Include="src\*.c">
      <Filter>Source Files</Filter>
    </ClCompile>
    <ClCompile Include="src\*.c">
      <Filter>Source Files</Filter>
    </ClCompile>
    <ClCompile Include="src\*.c">
      <Filter>Source Files</Filter>
    </ClCompile>
    <ClCompile Include="src\*.c">
      <Filter>Source Files</Filter>
    </ClCompile>
    <ClCompile Include="src\*.c">
      <Filter>Source Files</Filter>
    </ClCompile>
    <ClCompile Include="src\*.c">
      <Filter>Source Files</Filter>
    </ClCompile>
    <ClCompile Include="src\*.c">
      <Filter>Source Files</Filter>
    </ClCompile>
    <ClCompile Include="src\*.c">
      <Filter>Source Files</Filter>
    </ClCompile>
    <ClCompile Include="src\*.c">
      <Filter>Source Files</Filter>
    </ClCompile>
    <ClCompile Include="src\*.c">
      <Filter>Source Files</Filter>
    </ClCompile>
    <ClCompile Include="src\*.c">
      <Filter>Source Files</Filter>
    </ClCompile>
    <ClCompile Include="src\*.c">
      <Filter>Source Files</Filter>
    </ClCompile>
    <ClCompile Include="src\*.c">
      <Filter>Source Files</Filter>
    </ClCompile>
    <ClCompile Include="src\*.c">
      <Filter>Source Files</Filter>
    </ClCompile>
    <ClCompile Include="src\*.c">
      <Filter>Source Files</Filter>
    </ClCompile>
    <ClCompile Include="src\*.c">
      <Filter>Source Files</Filter>
    </ClCompile>
    <ClCompile Include="src\*.c">
      <Filter>Source Files</Filter>
    </ClCompile>
    <ClCompile Include="src\*.c">
      <Filter>Source Files</Filter>
    </ClCompile>
    <ClCompile Include="src\*.c">
      <Filter>Source Files</Filter>
    </ClCompile>
    <ClCompile Include="src\*.c">
      <Filter>Source Files</Filter>
    </ClCompile>
    <ClCompile Include="src\*.c">
      <Filter>Source Files</Filter>
    </ClCompile>
    <ClCompile Include="src\*.c">
      <Filter>Source Files</Filter>
    </ClCompile>
    <ClCompile Include="src\*.c">
      <Filter>Source Files</Filter>
    </ClCompile>
    <ClCompile Include="src\*.c">
      <Filter>Source Files</Filter>
    </ClCompile>
    <ClCompile Include="src\*.c">
      <Filter>Source Files</Filter>
    </ClCompile>
    <ClCompile Include="src\*.c">
      <Filter>Source Files</Filter>
    </ClCompile>
    <ClCompile Include="src\*.c">
      <Filter>Source Files</Filter>
    </ClCompile>
    <ClCompile Include="src\*.c">
      <Filter>Source Files</Filter>
    </ClCompile>
    <ClCompile Include="src\*.c">
      <Filter>Source Files</Filter>
    </ClCompile>
    <ClCompile Include="src\*.c">
      <Filter>Source Files</Filter>
    </ClCompile>
    <ClCompile Include="src\*.c">
      <Filter>Source Files</Filter>
    </ClCompile>
    <ClCompile Include="src\*.c">
      <Filter>Source Files</Filter>
    </ClCompile>
    <ClCompile Include="src\*.c">
      <Filter>Source Files</Filter>
    </ClCompile>
    <ClCompile Include="src\*.c">
      <Filter>Source Files</Filter>
    </ClCompile>
    <ClCompile Include="src\*.c">
      <Filter>Source Files</Filter>
    </ClCompile>
    <ClCompile Include="src\*.c">
      <Filter>Source Files</Filter>
    </ClCompile>
    <ClCompile Include="src\*.c">
      <Filter>Source Files</Filter>
    </ClCompile>
    <ClCompile Include="src\*.c">
      <Filter>Source Files</Filter>
    </ClCompile>
    <ClCompile Include="src\*.c">
      <Filter>Source Files</Filter>
    </ClCompile>
    <ClCompile Include="src\*.c">
      <Filter>Source Files</Filter>
    </ClCompile>
    <ClCompile Include="src\*.c">
      <Filter>Source Files</Filter>
    </ClCompile>
    <ClCompile Include="src\*.c">
      <Filter>Source Files</Filter>
    </ClCompile>
    <ClCompile Include="src\*.c">
      <Filter>Source Files</Filter>
    </ClCompile>
    <ClCompile Include="src\*.c">
      <Filter>Source Files</Filter>
    </ClCompile>
    <ClCompile Include="src\*.c">
      <Filter>Source Files</Filter>
    </ClCompile>
    <ClCompile Include="src\*.c">
      <Filter>Source Files</Filter>
    </ClCompile>
    <ClCompile Include="src\*.c">
      <Filter>Source Files</Filter>
    </ClCompile>
    <ClCompile Include="src\*.c">
      <Filter>Source Files</Filter>
    </ClCompile>
    <ClCompile Include="src\*.c">
      <Filter>Source Files</Filter>
    </ClCompile>
    <ClCompile Include="src\*.c">
      <Filter>Source Files</Filter>
    </ClCompile>
    <ClCompile Include="src\*.c">
      <Filter>Source Files</Filter>
    </ClCompile>
    <ClCompile Include="src\*.c">
      <Filter>Source Files</Filter>
    </ClCompile>
    <ClCompile Include="src\*.c">
      <Filter>Source Files</Filter>
    </ClCompile>
    <ClCompile Include="src\*.c">
      <Filter>Source Files</Filter>
    </ClCompile>
    <ClCompile Include="src\*.c">
      <Filter>Source Files</Filter>
    </ClCompile>
    <ClCompile Include="src\*.c">
      <Filter>Source Files</Filter>
    </ClCompile>
    <ClCompile Include="src\*.c">
      <Filter>Source Files</Filter>
    </ClCompile>
    <ClCompile Include="src\*.c">
      <Filter>Source Files</Filter>
    </ClCompile>
    <ClCompile Include="src\*.c">
      <Filter>Source Files</Filter>
    </ClCompile>
    <ClCompile Include="src\*.c">
      <Filter>Source Files</Filter>
    </ClCompile>
    <ClCompile Include="src\*.c">
      <Filter>Source Files</Filter>
    </ClCompile>
    <ClCompile Include="src\*.c">
      <Filter>Source Files</Filter>
    </ClCompile>
    <ClCompile Include="src\*.c">
      <Filter>Source Files</Filter>
    </ClCompile>
  </ItemGroup>
  <ItemGroup>
    <ClInclude Include="src\*.h">
      <Filter>Header Files</Filter>
    </ClInclude>
    <None Include="src\*.dasc">
      <Filter>Other Files</Filter>
    </None>
    <ClInclude Include="src\*.h">
      <Filter>Header Files</Filter>
    </ClInclude>
    <ClInclude Include="src\*.h">
      <Filter>Header Files</Filter>
    </ClInclude>
    <ClInclude Include="src\*.h">
      <Filter>Header Files</Filter>
    </ClInclude>
    <ClInclude Include="src\*.h">
      <Filter>Header Files</Filter>
    </ClInclude>
    <ClInclude Include="src\*.h">
      <Filter>Header Files</Filter>
    </ClInclude>
    <ClInclude Include="src\*.h">
      <Filter>Header Files</Filter>
    </ClInclude>
    <ClInclude Include="src\*.h">
      <Filter>Header Files</Filter>
    </ClInclude>
    <ClInclude Include="src\*.h">
      <Filter>Header Files</Filter>
    </ClInclude>
    <ClInclude Include="src\*.h">
      <Filter>Header Files</Filter>
    </ClInclude>
    <ClInclude Include="src\*.h">
      <Filter>Header Files</Filter>
    </ClInclude>
    <ClInclude Include="src\*.h">
      <Filter>Header Files</Filter>
    </ClInclude>
    <ClInclude Include="src\*.h">
      <Filter>Header Files</Filter>
    </ClInclude>
    <ClInclude Include="src\*.h">
      <Filter>Header Files</Filter>
    </ClInclude>
    <ClInclude Include="src\*.h">
      <Filter>Header Files</Filter>
    </ClInclude>
    <ClInclude Include="src\*.h">
      <Filter>Header Files</Filter>
    </ClInclude>
    <ClInclude Include="src\*.h">
      <Filter>Header Files</Filter>
    </ClInclude>
    <ClInclude Include="src\*.h">
      <Filter>Header Files</Filter>
    </ClInclude>
    <ClInclude Include="src\*.h">
      <Filter>Header Files</Filter>
    </ClInclude>
    <ClInclude Include="src\*.h">
      <Filter>Header Files</Filter>
    </ClInclude>
    <ClInclude Include="src\*.h">
      <Filter>Header Files</Filter>
    </ClInclude>
    <ClInclude Include="src\*.h">
      <Filter>Header Files</Filter>
    </ClInclude>
    <ClInclude Include="src\*.h">
      <Filter>Header Files</Filter>
    </ClInclude>
    <ClInclude Include="src\*.h">
      <Filter>Header Files</Filter>
    </ClInclude>
    <ClInclude Include="src\*.h">
      <Filter>Header Files</Filter>
    </ClInclude>
    <ClInclude Include="src\*.h">
      <Filter>Header Files</Filter>
    </ClInclude>
    <ClInclude Include="src\*.h">
      <Filter>Header Files</Filter>
    </ClInclude>
    <ClInclude Include="src\*.h">
      <Filter>Header Files</Filter>
    </ClInclude>
    <ClInclude Include="src\*.h">
      <Filter>Header Files</Filter>
    </ClInclude>
    <ClInclude Include="src\*.h">
      <Filter>Header Files</Filter>
    </ClInclude>
    <ClInclude Include="src\*.h">
      <Filter>Header Files</Filter>
    </ClInclude>
    <ClInclude Include="src\*.h">
      <Filter>Header Files</Filter>
    </ClInclude>
    <ClInclude Include="src\*.h">
      <Filter>Header Files</Filter>
    </ClInclude>
    <ClInclude Include="src\*.h">
      <Filter>Header Files</Filter>
    </ClInclude>
    <ClInclude Include="src\*.h">
      <Filter>Header Files</Filter>
    </ClInclude>
    <ClInclude Include="src\*.h">
      <Filter>Header Files</Filter>
    </ClInclude>
    <ClInclude Include="src\*.h">
      <Filter>Header Files</Filter>
    </ClInclude>
    <ClInclude Include="src\*.h">
      <Filter>Header Files</Filter>
    </ClInclude>
    <ClInclude Include="src\*.h">
      <Filter>Header Files</Filter>
    </ClInclude>
    <ClInclude Include="src\*.h">
      <Filter>Header Files</Filter>
    </ClInclude>
    <ClInclude Include="src\*.h">
      <Filter>Header Files</Filter>
    </ClInclude>
    <ClInclude Include="src\*.h">
      <Filter>Header Files</Filter>
    </ClInclude>
    <ClInclude Include="src\*.h">
      <Filter>Header Files</Filter>
    </ClInclude>
    <ClInclude Include="src\*.h">
      <Filter>Header Files</Filter>
    </ClInclude>
    <ClInclude Include="src\*.h">
      <Filter>Header Files</Filter>
    </ClInclude>
    <ClInclude Include="src\*.h">
      <Filter>Header Files</Filter>
    </ClInclude>
    <ClInclude Include="src\*.h">
      <Filter>Header Files</Filter>
    </ClInclude>
    <ClInclude Include="src\*.h">
      <Filter>Header Files</Filter>
    </ClInclude>
    <ClInclude Include="src\*.h">
      <Filter>Header Files</Filter>
    </ClInclude>
    <ClInclude Include="src\*.h">
      <Filter>Header Files</Filter>
    </ClInclude>
    <ClInclude Include="src\*.h">
      <Filter>Header Files</Filter>
    </ClInclude>
    <ClInclude Include="src\*.h">
      <Filter>Header Files</Filter>
    </ClInclude>
    <ClInclude Include="src\*.h">
      <Filter>Header Files</Filter>
    </ClInclude>
    <ClInclude Include="src\*.h">
      <Filter>Header Files</Filter>
    </ClInclude>
    <ClInclude Include="src\*.h">
      <Filter>Header Files</Filter>
    </ClInclude>
    <ClInclude Include="src\*.h">
      <Filter>Header Files</Filter>
    </ClInclude>
    <ClInclude Include="src\*.h">
      <Filter>Header Files</Filter>
    </ClInclude>
    <ClInclude Include="src\*.h">
      <Filter>Header Files</Filter>
    </ClInclude>
    <ClInclude Include="src\*.h">
      <Filter>Header Files</Filter>
    </ClInclude>
    <ClInclude Include="src\*.h">
      <Filter>Header Files</Filter>
    </ClInclude>
    <ClInclude Include="src\*.h">
      <Filter>Header Files</Filter>
    </ClInclude>
    <ClInclude Include="src\*.h">
      <Filter>Header Files</Filter>
    </ClInclude>
    <ClInclude Include="src\*.h">
      <Filter>Header Files</Filter>
    </ClInclude>
    <ClInclude Include="src\*.h">
      <Filter>Header Files</Filter>
    </ClInclude>
    <ClInclude Include="src\*.h">
      <Filter>Header Files</Filter>
    </ClInclude>
    <ClInclude Include="src\*.h">
      <Filter>Header Files</Filter>
    </ClInclude>
    <ClInclude Include="src\*.h">
      <Filter>Header Files</Filter>
    </ClInclude>
    <ClInclude Include="src\*.h">
      <Filter>Header Files</Filter>
    </ClInclude>
    <ClInclude Include="src\*.h">
      <Filter>Header Files</Filter>
    </ClInclude>
    <ClInclude Include="src\*.h">
      <Filter>Header Files</Filter>
    </ClInclude>
    <ClInclude Include="src\*.h">
      <Filter>Header Files</Filter>
    </ClInclude>
    <ClInclude Include="src\*.h">
      <Filter>Header Files</Filter>
    </ClInclude>
    <ClInclude Include="src\*.h">
      <Filter>Header Files</Filter>
    </ClInclude>
  </ItemGroup>
  <ItemGroup>
    <None Include="src\*.dasc">
      <Filter>Other Files</Filter>
    </None>
    <None Include="src\*.dasc">
      <Filter>Other Files</Filter>
    </None>
    <None Include="src\*.dasc">
      <Filter>Other Files</Filter>
    </None>
    <None Include="src\*.dasc">
      <Filter>Other Files</Filter>
    </None>
    <None Include="src\*.dasc">
      <Filter>Other Files</Filter>
    </None>
    <None Include="src\*.dasc">
      <Filter>Other Files</Filter>
    </None>
  </ItemGroup>
</Project>